// !$*UTF8*$!
{
	archiveVersion = 1;
	classes = {
	};
	objectVersion = 50;
	objects = {

/* Begin PBXBuildFile section */
		1721CC9E24CE5F6A00F6799B /* AppDelegate.swift in Sources */ = {isa = PBXBuildFile; fileRef = 1721CC9D24CE5F6A00F6799B /* AppDelegate.swift */; };
		1721CCA024CE5F6A00F6799B /* ViewController.swift in Sources */ = {isa = PBXBuildFile; fileRef = 1721CC9F24CE5F6A00F6799B /* ViewController.swift */; };
		1721CCA224CE5F6B00F6799B /* Assets.xcassets in Resources */ = {isa = PBXBuildFile; fileRef = 1721CCA124CE5F6B00F6799B /* Assets.xcassets */; };
		1721CCA524CE5F6B00F6799B /* Main.storyboard in Resources */ = {isa = PBXBuildFile; fileRef = 1721CCA324CE5F6B00F6799B /* Main.storyboard */; };
		17B7D79424CE6C20000C077B /* BayerDecode.metal in Sources */ = {isa = PBXBuildFile; fileRef = 17B7D79324CE6C20000C077B /* BayerDecode.metal */; };
		17B7D79624CE6C4A000C077B /* BayerDecodeParameters.swift in Sources */ = {isa = PBXBuildFile; fileRef = 17B7D79524CE6C4A000C077B /* BayerDecodeParameters.swift */; };
		17B7D79824CE6C6E000C077B /* BayerDecode.swift in Sources */ = {isa = PBXBuildFile; fileRef = 17B7D79724CE6C6E000C077B /* BayerDecode.swift */; };
		17B7D79A24CE6D3C000C077B /* MetalLibrary.swift in Sources */ = {isa = PBXBuildFile; fileRef = 17B7D79924CE6D3C000C077B /* MetalLibrary.swift */; };
		17B7D79C24CE6FAA000C077B /* FileItem.swift in Sources */ = {isa = PBXBuildFile; fileRef = 17B7D79B24CE6FAA000C077B /* FileItem.swift */; };
		17B7D79E24CE7373000C077B /* Extensions.swift in Sources */ = {isa = PBXBuildFile; fileRef = 17B7D79D24CE7373000C077B /* Extensions.swift */; };
		17B7D7A424CE9BD9000C077B /* MainWindow.swift in Sources */ = {isa = PBXBuildFile; fileRef = 17B7D7A324CE9BD9000C077B /* MainWindow.swift */; };
/* End PBXBuildFile section */

/* Begin PBXFileReference section */
		1721CC9A24CE5F6A00F6799B /* BayerDecoder.app */ = {isa = PBXFileReference; explicitFileType = wrapper.application; includeInIndex = 0; path = BayerDecoder.app; sourceTree = BUILT_PRODUCTS_DIR; };
		1721CC9D24CE5F6A00F6799B /* AppDelegate.swift */ = {isa = PBXFileReference; lastKnownFileType = sourcecode.swift; path = AppDelegate.swift; sourceTree = "<group>"; };
		1721CC9F24CE5F6A00F6799B /* ViewController.swift */ = {isa = PBXFileReference; lastKnownFileType = sourcecode.swift; path = ViewController.swift; sourceTree = "<group>"; };
		1721CCA124CE5F6B00F6799B /* Assets.xcassets */ = {isa = PBXFileReference; lastKnownFileType = folder.assetcatalog; path = Assets.xcassets; sourceTree = "<group>"; };
		1721CCA424CE5F6B00F6799B /* Base */ = {isa = PBXFileReference; lastKnownFileType = file.storyboard; name = Base; path = Base.lproj/Main.storyboard; sourceTree = "<group>"; };
		1721CCA624CE5F6B00F6799B /* Info.plist */ = {isa = PBXFileReference; lastKnownFileType = text.plist.xml; path = Info.plist; sourceTree = "<group>"; };
		1721CCA724CE5F6B00F6799B /* BayerDecoder.entitlements */ = {isa = PBXFileReference; lastKnownFileType = text.plist.entitlements; path = BayerDecoder.entitlements; sourceTree = "<group>"; };
		17B7D79324CE6C20000C077B /* BayerDecode.metal */ = {isa = PBXFileReference; lastKnownFileType = sourcecode.metal; path = BayerDecode.metal; sourceTree = "<group>"; };
		17B7D79524CE6C4A000C077B /* BayerDecodeParameters.swift */ = {isa = PBXFileReference; lastKnownFileType = sourcecode.swift; path = BayerDecodeParameters.swift; sourceTree = "<group>"; };
		17B7D79724CE6C6E000C077B /* BayerDecode.swift */ = {isa = PBXFileReference; lastKnownFileType = sourcecode.swift; path = BayerDecode.swift; sourceTree = "<group>"; };
		17B7D79924CE6D3C000C077B /* MetalLibrary.swift */ = {isa = PBXFileReference; lastKnownFileType = sourcecode.swift; path = MetalLibrary.swift; sourceTree = "<group>"; };
		17B7D79B24CE6FAA000C077B /* FileItem.swift */ = {isa = PBXFileReference; lastKnownFileType = sourcecode.swift; path = FileItem.swift; sourceTree = "<group>"; };
		17B7D79D24CE7373000C077B /* Extensions.swift */ = {isa = PBXFileReference; lastKnownFileType = sourcecode.swift; path = Extensions.swift; sourceTree = "<group>"; };
		17B7D7A324CE9BD9000C077B /* MainWindow.swift */ = {isa = PBXFileReference; lastKnownFileType = sourcecode.swift; path = MainWindow.swift; sourceTree = "<group>"; };
/* End PBXFileReference section */

/* Begin PBXFrameworksBuildPhase section */
		1721CC9724CE5F6A00F6799B /* Frameworks */ = {
			isa = PBXFrameworksBuildPhase;
			buildActionMask = 2147483647;
			files = (
			);
			runOnlyForDeploymentPostprocessing = 0;
		};
/* End PBXFrameworksBuildPhase section */

/* Begin PBXGroup section */
		1721CC9124CE5F6A00F6799B = {
			isa = PBXGroup;
			children = (
				1721CC9C24CE5F6A00F6799B /* BayerDecoder */,
				1721CC9B24CE5F6A00F6799B /* Products */,
			);
			sourceTree = "<group>";
		};
		1721CC9B24CE5F6A00F6799B /* Products */ = {
			isa = PBXGroup;
			children = (
				1721CC9A24CE5F6A00F6799B /* BayerDecoder.app */,
			);
			name = Products;
			sourceTree = "<group>";
		};
		1721CC9C24CE5F6A00F6799B /* BayerDecoder */ = {
			isa = PBXGroup;
			children = (
				17B7D79224CE6C01000C077B /* MetalKernels */,
				1721CC9D24CE5F6A00F6799B /* AppDelegate.swift */,
				17B7D7A324CE9BD9000C077B /* MainWindow.swift */,
				1721CC9F24CE5F6A00F6799B /* ViewController.swift */,
				1721CCA124CE5F6B00F6799B /* Assets.xcassets */,
				1721CCA324CE5F6B00F6799B /* Main.storyboard */,
				1721CCA624CE5F6B00F6799B /* Info.plist */,
				1721CCA724CE5F6B00F6799B /* BayerDecoder.entitlements */,
				17B7D79924CE6D3C000C077B /* MetalLibrary.swift */,
				17B7D79B24CE6FAA000C077B /* FileItem.swift */,
				17B7D79D24CE7373000C077B /* Extensions.swift */,
			);
			path = BayerDecoder;
			sourceTree = "<group>";
		};
		17B7D79224CE6C01000C077B /* MetalKernels */ = {
			isa = PBXGroup;
			children = (
				17B7D79324CE6C20000C077B /* BayerDecode.metal */,
				17B7D79524CE6C4A000C077B /* BayerDecodeParameters.swift */,
				17B7D79724CE6C6E000C077B /* BayerDecode.swift */,
			);
			path = MetalKernels;
			sourceTree = "<group>";
		};
/* End PBXGroup section */

/* Begin PBXNativeTarget section */
		1721CC9924CE5F6A00F6799B /* BayerDecoder */ = {
			isa = PBXNativeTarget;
			buildConfigurationList = 1721CCC024CE5F6B00F6799B /* Build configuration list for PBXNativeTarget "BayerDecoder" */;
			buildPhases = (
				1721CC9624CE5F6A00F6799B /* Sources */,
				1721CC9724CE5F6A00F6799B /* Frameworks */,
				1721CC9824CE5F6A00F6799B /* Resources */,
			);
			buildRules = (
			);
			dependencies = (
			);
			name = BayerDecoder;
			productName = BayerDecoder;
			productReference = 1721CC9A24CE5F6A00F6799B /* BayerDecoder.app */;
			productType = "com.apple.product-type.application";
		};
/* End PBXNativeTarget section */

/* Begin PBXProject section */
		1721CC9224CE5F6A00F6799B /* Project object */ = {
			isa = PBXProject;
			attributes = {
				LastSwiftUpdateCheck = 1200;
				LastUpgradeCheck = 1200;
				TargetAttributes = {
					1721CC9924CE5F6A00F6799B = {
						CreatedOnToolsVersion = 12.0;
					};
				};
			};
			buildConfigurationList = 1721CC9524CE5F6A00F6799B /* Build configuration list for PBXProject "BayerDecoder" */;
			compatibilityVersion = "Xcode 9.3";
			developmentRegion = en;
			hasScannedForEncodings = 0;
			knownRegions = (
				en,
				Base,
			);
			mainGroup = 1721CC9124CE5F6A00F6799B;
			productRefGroup = 1721CC9B24CE5F6A00F6799B /* Products */;
			projectDirPath = "";
			projectRoot = "";
			targets = (
				1721CC9924CE5F6A00F6799B /* BayerDecoder */,
			);
		};
/* End PBXProject section */

/* Begin PBXResourcesBuildPhase section */
		1721CC9824CE5F6A00F6799B /* Resources */ = {
			isa = PBXResourcesBuildPhase;
			buildActionMask = 2147483647;
			files = (
				1721CCA224CE5F6B00F6799B /* Assets.xcassets in Resources */,
				1721CCA524CE5F6B00F6799B /* Main.storyboard in Resources */,
			);
			runOnlyForDeploymentPostprocessing = 0;
		};
/* End PBXResourcesBuildPhase section */

/* Begin PBXSourcesBuildPhase section */
		1721CC9624CE5F6A00F6799B /* Sources */ = {
			isa = PBXSourcesBuildPhase;
			buildActionMask = 2147483647;
			files = (
				17B7D79824CE6C6E000C077B /* BayerDecode.swift in Sources */,
				17B7D7A424CE9BD9000C077B /* MainWindow.swift in Sources */,
				17B7D79A24CE6D3C000C077B /* MetalLibrary.swift in Sources */,
				17B7D79C24CE6FAA000C077B /* FileItem.swift in Sources */,
				17B7D79424CE6C20000C077B /* BayerDecode.metal in Sources */,
				17B7D79624CE6C4A000C077B /* BayerDecodeParameters.swift in Sources */,
				17B7D79E24CE7373000C077B /* Extensions.swift in Sources */,
				1721CCA024CE5F6A00F6799B /* ViewController.swift in Sources */,
				1721CC9E24CE5F6A00F6799B /* AppDelegate.swift in Sources */,
			);
			runOnlyForDeploymentPostprocessing = 0;
		};
/* End PBXSourcesBuildPhase section */

/* Begin PBXVariantGroup section */
		1721CCA324CE5F6B00F6799B /* Main.storyboard */ = {
			isa = PBXVariantGroup;
			children = (
				1721CCA424CE5F6B00F6799B /* Base */,
			);
			name = Main.storyboard;
			sourceTree = "<group>";
		};
/* End PBXVariantGroup section */

/* Begin XCBuildConfiguration section */
		1721CCBE24CE5F6B00F6799B /* Debug */ = {
			isa = XCBuildConfiguration;
			buildSettings = {
				ALWAYS_SEARCH_USER_PATHS = NO;
				CLANG_ANALYZER_NONNULL = YES;
				CLANG_ANALYZER_NUMBER_OBJECT_CONVERSION = YES_AGGRESSIVE;
				CLANG_CXX_LANGUAGE_STANDARD = "gnu++14";
				CLANG_CXX_LIBRARY = "libc++";
				CLANG_ENABLE_MODULES = YES;
				CLANG_ENABLE_OBJC_ARC = YES;
				CLANG_ENABLE_OBJC_WEAK = YES;
				CLANG_WARN_BLOCK_CAPTURE_AUTORELEASING = YES;
				CLANG_WARN_BOOL_CONVERSION = YES;
				CLANG_WARN_COMMA = YES;
				CLANG_WARN_CONSTANT_CONVERSION = YES;
				CLANG_WARN_DEPRECATED_OBJC_IMPLEMENTATIONS = YES;
				CLANG_WARN_DIRECT_OBJC_ISA_USAGE = YES_ERROR;
				CLANG_WARN_DOCUMENTATION_COMMENTS = YES;
				CLANG_WARN_EMPTY_BODY = YES;
				CLANG_WARN_ENUM_CONVERSION = YES;
				CLANG_WARN_INFINITE_RECURSION = YES;
				CLANG_WARN_INT_CONVERSION = YES;
				CLANG_WARN_NON_LITERAL_NULL_CONVERSION = YES;
				CLANG_WARN_OBJC_IMPLICIT_RETAIN_SELF = YES;
				CLANG_WARN_OBJC_LITERAL_CONVERSION = YES;
				CLANG_WARN_OBJC_ROOT_CLASS = YES_ERROR;
				CLANG_WARN_QUOTED_INCLUDE_IN_FRAMEWORK_HEADER = YES;
				CLANG_WARN_RANGE_LOOP_ANALYSIS = YES;
				CLANG_WARN_STRICT_PROTOTYPES = YES;
				CLANG_WARN_SUSPICIOUS_MOVE = YES;
				CLANG_WARN_UNGUARDED_AVAILABILITY = YES_AGGRESSIVE;
				CLANG_WARN_UNREACHABLE_CODE = YES;
				CLANG_WARN__DUPLICATE_METHOD_MATCH = YES;
				COPY_PHASE_STRIP = NO;
				DEBUG_INFORMATION_FORMAT = dwarf;
				ENABLE_STRICT_OBJC_MSGSEND = YES;
				ENABLE_TESTABILITY = YES;
				GCC_C_LANGUAGE_STANDARD = gnu11;
				GCC_DYNAMIC_NO_PIC = NO;
				GCC_NO_COMMON_BLOCKS = YES;
				GCC_OPTIMIZATION_LEVEL = 0;
				GCC_PREPROCESSOR_DEFINITIONS = (
					"DEBUG=1",
					"$(inherited)",
				);
				GCC_WARN_64_TO_32_BIT_CONVERSION = YES;
				GCC_WARN_ABOUT_RETURN_TYPE = YES_ERROR;
				GCC_WARN_UNDECLARED_SELECTOR = YES;
				GCC_WARN_UNINITIALIZED_AUTOS = YES_AGGRESSIVE;
				GCC_WARN_UNUSED_FUNCTION = YES;
				GCC_WARN_UNUSED_VARIABLE = YES;
				MACOSX_DEPLOYMENT_TARGET = 10.15;
				MTL_ENABLE_DEBUG_INFO = INCLUDE_SOURCE;
				MTL_FAST_MATH = YES;
				ONLY_ACTIVE_ARCH = YES;
				SDKROOT = macosx;
				SWIFT_ACTIVE_COMPILATION_CONDITIONS = DEBUG;
				SWIFT_OPTIMIZATION_LEVEL = "-Onone";
			};
			name = Debug;
		};
		1721CCBF24CE5F6B00F6799B /* Release */ = {
			isa = XCBuildConfiguration;
			buildSettings = {
				ALWAYS_SEARCH_USER_PATHS = NO;
				CLANG_ANALYZER_NONNULL = YES;
				CLANG_ANALYZER_NUMBER_OBJECT_CONVERSION = YES_AGGRESSIVE;
				CLANG_CXX_LANGUAGE_STANDARD = "gnu++14";
				CLANG_CXX_LIBRARY = "libc++";
				CLANG_ENABLE_MODULES = YES;
				CLANG_ENABLE_OBJC_ARC = YES;
				CLANG_ENABLE_OBJC_WEAK = YES;
				CLANG_WARN_BLOCK_CAPTURE_AUTORELEASING = YES;
				CLANG_WARN_BOOL_CONVERSION = YES;
				CLANG_WARN_COMMA = YES;
				CLANG_WARN_CONSTANT_CONVERSION = YES;
				CLANG_WARN_DEPRECATED_OBJC_IMPLEMENTATIONS = YES;
				CLANG_WARN_DIRECT_OBJC_ISA_USAGE = YES_ERROR;
				CLANG_WARN_DOCUMENTATION_COMMENTS = YES;
				CLANG_WARN_EMPTY_BODY = YES;
				CLANG_WARN_ENUM_CONVERSION = YES;
				CLANG_WARN_INFINITE_RECURSION = YES;
				CLANG_WARN_INT_CONVERSION = YES;
				CLANG_WARN_NON_LITERAL_NULL_CONVERSION = YES;
				CLANG_WARN_OBJC_IMPLICIT_RETAIN_SELF = YES;
				CLANG_WARN_OBJC_LITERAL_CONVERSION = YES;
				CLANG_WARN_OBJC_ROOT_CLASS = YES_ERROR;
				CLANG_WARN_QUOTED_INCLUDE_IN_FRAMEWORK_HEADER = YES;
				CLANG_WARN_RANGE_LOOP_ANALYSIS = YES;
				CLANG_WARN_STRICT_PROTOTYPES = YES;
				CLANG_WARN_SUSPICIOUS_MOVE = YES;
				CLANG_WARN_UNGUARDED_AVAILABILITY = YES_AGGRESSIVE;
				CLANG_WARN_UNREACHABLE_CODE = YES;
				CLANG_WARN__DUPLICATE_METHOD_MATCH = YES;
				COPY_PHASE_STRIP = NO;
				DEBUG_INFORMATION_FORMAT = "dwarf-with-dsym";
				ENABLE_NS_ASSERTIONS = NO;
				ENABLE_STRICT_OBJC_MSGSEND = YES;
				GCC_C_LANGUAGE_STANDARD = gnu11;
				GCC_NO_COMMON_BLOCKS = YES;
				GCC_WARN_64_TO_32_BIT_CONVERSION = YES;
				GCC_WARN_ABOUT_RETURN_TYPE = YES_ERROR;
				GCC_WARN_UNDECLARED_SELECTOR = YES;
				GCC_WARN_UNINITIALIZED_AUTOS = YES_AGGRESSIVE;
				GCC_WARN_UNUSED_FUNCTION = YES;
				GCC_WARN_UNUSED_VARIABLE = YES;
				MACOSX_DEPLOYMENT_TARGET = 10.15;
				MTL_ENABLE_DEBUG_INFO = NO;
				MTL_FAST_MATH = YES;
				SDKROOT = macosx;
				SWIFT_COMPILATION_MODE = wholemodule;
				SWIFT_OPTIMIZATION_LEVEL = "-O";
			};
			name = Release;
		};
		1721CCC124CE5F6B00F6799B /* Debug */ = {
			isa = XCBuildConfiguration;
			buildSettings = {
				ASSETCATALOG_COMPILER_APPICON_NAME = AppIcon;
				ASSETCATALOG_COMPILER_GLOBAL_ACCENT_COLOR_NAME = AccentColor;
				CODE_SIGN_ENTITLEMENTS = BayerDecoder/BayerDecoder.entitlements;
				CODE_SIGN_STYLE = Automatic;
				COMBINE_HIDPI_IMAGES = YES;
				DEVELOPMENT_TEAM = 4BB235M4GL;
				ENABLE_HARDENED_RUNTIME = YES;
				INFOPLIST_FILE = BayerDecoder/Info.plist;
				LD_RUNPATH_SEARCH_PATHS = (
					"$(inherited)",
					"@executable_path/../Frameworks",
				);
				PRODUCT_BUNDLE_IDENTIFIER = Irorio.BayerDecoder;
				PRODUCT_NAME = "$(TARGET_NAME)";
				SWIFT_VERSION = 5.0;
			};
			name = Debug;
		};
		1721CCC224CE5F6B00F6799B /* Release */ = {
			isa = XCBuildConfiguration;
			buildSettings = {
				ASSETCATALOG_COMPILER_APPICON_NAME = AppIcon;
				ASSETCATALOG_COMPILER_GLOBAL_ACCENT_COLOR_NAME = AccentColor;
				CODE_SIGN_ENTITLEMENTS = BayerDecoder/BayerDecoder.entitlements;
				CODE_SIGN_STYLE = Automatic;
				COMBINE_HIDPI_IMAGES = YES;
				DEVELOPMENT_TEAM = 4BB235M4GL;
				ENABLE_HARDENED_RUNTIME = YES;
				INFOPLIST_FILE = BayerDecoder/Info.plist;
				LD_RUNPATH_SEARCH_PATHS = (
					"$(inherited)",
					"@executable_path/../Frameworks",
				);
				PRODUCT_BUNDLE_IDENTIFIER = Irorio.BayerDecoder;
				PRODUCT_NAME = "$(TARGET_NAME)";
				SWIFT_VERSION = 5.0;
			};
			name = Release;
		};
/* End XCBuildConfiguration section */

/* Begin XCConfigurationList section */
		1721CC9524CE5F6A00F6799B /* Build configuration list for PBXProject "BayerDecoder" */ = {
			isa = XCConfigurationList;
			buildConfigurations = (
				1721CCBE24CE5F6B00F6799B /* Debug */,
				1721CCBF24CE5F6B00F6799B /* Release */,
			);
			defaultConfigurationIsVisible = 0;
			defaultConfigurationName = Release;
		};
		1721CCC024CE5F6B00F6799B /* Build configuration list for PBXNativeTarget "BayerDecoder" */ = {
			isa = XCConfigurationList;
			buildConfigurations = (
				1721CCC124CE5F6B00F6799B /* Debug */,
				1721CCC224CE5F6B00F6799B /* Release */,
			);
			defaultConfigurationIsVisible = 0;
			defaultConfigurationName = Release;
		};
/* End XCConfigurationList section */
	};
	rootObject = 1721CC9224CE5F6A00F6799B /* Project object */;
}
